// !$*UTF8*$!
{
	archiveVersion = 1;
	classes = {
	};
	objectVersion = 46;
	objects = {

/* Begin PBXBuildFile section */
		EA390C1C1DFDBA8200074A22 /* sample.mp4 in Resources */ = {isa = PBXBuildFile; fileRef = EA390C1A1DFDB01700074A22 /* sample.mp4 */; };
		EA7905FB1EC364B0005A6F26 /* MetadataInjector.mm in Sources */ = {isa = PBXBuildFile; fileRef = EA7905FA1EC364B0005A6F26 /* MetadataInjector.mm */; };
		EA96F76F1DF452B000BA8A21 /* main.m in Sources */ = {isa = PBXBuildFile; fileRef = EA96F76E1DF452B000BA8A21 /* main.m */; };
		EA96F7721DF452B000BA8A21 /* AppDelegate.m in Sources */ = {isa = PBXBuildFile; fileRef = EA96F7711DF452B000BA8A21 /* AppDelegate.m */; };
		EA96F7751DF452B000BA8A21 /* ViewController.m in Sources */ = {isa = PBXBuildFile; fileRef = EA96F7741DF452B000BA8A21 /* ViewController.m */; };
		EA96F7781DF452B000BA8A21 /* Main.storyboard in Resources */ = {isa = PBXBuildFile; fileRef = EA96F7761DF452B000BA8A21 /* Main.storyboard */; };
		EA96F77A1DF452B000BA8A21 /* Assets.xcassets in Resources */ = {isa = PBXBuildFile; fileRef = EA96F7791DF452B000BA8A21 /* Assets.xcassets */; };
		EA96F77D1DF452B000BA8A21 /* LaunchScreen.storyboard in Resources */ = {isa = PBXBuildFile; fileRef = EA96F77B1DF452B000BA8A21 /* LaunchScreen.storyboard */; };
		EA96F7881DF452B000BA8A21 /* iOSspatialMediaTests.m in Sources */ = {isa = PBXBuildFile; fileRef = EA96F7871DF452B000BA8A21 /* iOSspatialMediaTests.m */; };
		EA96F7931DF452B000BA8A21 /* iOSspatialMediaUITests.m in Sources */ = {isa = PBXBuildFile; fileRef = EA96F7921DF452B000BA8A21 /* iOSspatialMediaUITests.m */; };
		EAA96BEB1EC9D5FF00D6883E /* LICENSE in Resources */ = {isa = PBXBuildFile; fileRef = EAA96BCC1EC9D5FF00D6883E /* LICENSE */; };
		EAA96BEC1EC9D5FF00D6883E /* metadata_utils.cpp in Sources */ = {isa = PBXBuildFile; fileRef = EAA96BCD1EC9D5FF00D6883E /* metadata_utils.cpp */; };
		EAA96BED1EC9D5FF00D6883E /* box.cpp in Sources */ = {isa = PBXBuildFile; fileRef = EAA96BD01EC9D5FF00D6883E /* box.cpp */; };
		EAA96BEE1EC9D5FF00D6883E /* container.cpp in Sources */ = {isa = PBXBuildFile; fileRef = EAA96BD31EC9D5FF00D6883E /* container.cpp */; };
		EAA96BEF1EC9D5FF00D6883E /* mpeg4_container.cpp in Sources */ = {isa = PBXBuildFile; fileRef = EAA96BD51EC9D5FF00D6883E /* mpeg4_container.cpp */; };
		EAA96BF01EC9D5FF00D6883E /* sa3d.cpp in Sources */ = {isa = PBXBuildFile; fileRef = EAA96BD71EC9D5FF00D6883E /* sa3d.cpp */; };
		EAA96BF11EC9D5FF00D6883E /* mxml-attr.c in Sources */ = {isa = PBXBuildFile; fileRef = EAA96BDB1EC9D5FF00D6883E /* mxml-attr.c */; };
		EAA96BF21EC9D5FF00D6883E /* mxml-entity.c in Sources */ = {isa = PBXBuildFile; fileRef = EAA96BDC1EC9D5FF00D6883E /* mxml-entity.c */; };
		EAA96BF31EC9D5FF00D6883E /* mxml-file.c in Sources */ = {isa = PBXBuildFile; fileRef = EAA96BDD1EC9D5FF00D6883E /* mxml-file.c */; };
		EAA96BF41EC9D5FF00D6883E /* mxml-get.c in Sources */ = {isa = PBXBuildFile; fileRef = EAA96BDE1EC9D5FF00D6883E /* mxml-get.c */; };
		EAA96BF51EC9D5FF00D6883E /* mxml-index.c in Sources */ = {isa = PBXBuildFile; fileRef = EAA96BDF1EC9D5FF00D6883E /* mxml-index.c */; };
		EAA96BF61EC9D5FF00D6883E /* mxml-node.c in Sources */ = {isa = PBXBuildFile; fileRef = EAA96BE01EC9D5FF00D6883E /* mxml-node.c */; };
		EAA96BF71EC9D5FF00D6883E /* mxml-private.c in Sources */ = {isa = PBXBuildFile; fileRef = EAA96BE11EC9D5FF00D6883E /* mxml-private.c */; };
		EAA96BF81EC9D5FF00D6883E /* mxml-search.c in Sources */ = {isa = PBXBuildFile; fileRef = EAA96BE31EC9D5FF00D6883E /* mxml-search.c */; };
		EAA96BF91EC9D5FF00D6883E /* mxml-set.c in Sources */ = {isa = PBXBuildFile; fileRef = EAA96BE41EC9D5FF00D6883E /* mxml-set.c */; };
		EAA96BFA1EC9D5FF00D6883E /* mxml-string.c in Sources */ = {isa = PBXBuildFile; fileRef = EAA96BE51EC9D5FF00D6883E /* mxml-string.c */; };
		EAA96BFB1EC9D5FF00D6883E /* parser.cpp in Sources */ = {isa = PBXBuildFile; fileRef = EAA96BE71EC9D5FF00D6883E /* parser.cpp */; };
		EAA96BFC1EC9D5FF00D6883E /* README.md in Sources */ = {isa = PBXBuildFile; fileRef = EAA96BEA1EC9D5FF00D6883E /* README.md */; };
/* End PBXBuildFile section */

/* Begin PBXContainerItemProxy section */
		EA96F7841DF452B000BA8A21 /* PBXContainerItemProxy */ = {
			isa = PBXContainerItemProxy;
			containerPortal = EA96F7621DF452B000BA8A21 /* Project object */;
			proxyType = 1;
			remoteGlobalIDString = EA96F7691DF452B000BA8A21;
			remoteInfo = iOSspatialMedia;
		};
		EA96F78F1DF452B000BA8A21 /* PBXContainerItemProxy */ = {
			isa = PBXContainerItemProxy;
			containerPortal = EA96F7621DF452B000BA8A21 /* Project object */;
			proxyType = 1;
			remoteGlobalIDString = EA96F7691DF452B000BA8A21;
			remoteInfo = iOSspatialMedia;
		};
/* End PBXContainerItemProxy section */

/* Begin PBXCopyFilesBuildPhase section */
		EA390C221DFDBF8600074A22 /* Embed Frameworks */ = {
			isa = PBXCopyFilesBuildPhase;
			buildActionMask = 2147483647;
			dstPath = "";
			dstSubfolderSpec = 10;
			files = (
			);
			name = "Embed Frameworks";
			runOnlyForDeploymentPostprocessing = 0;
		};
/* End PBXCopyFilesBuildPhase section */

/* Begin PBXFileReference section */
		EA390C1A1DFDB01700074A22 /* sample.mp4 */ = {isa = PBXFileReference; lastKnownFileType = file; path = sample.mp4; sourceTree = "<group>"; };
		EA7905F91EC364B0005A6F26 /* MetadataInjector.h */ = {isa = PBXFileReference; fileEncoding = 4; lastKnownFileType = sourcecode.c.h; path = MetadataInjector.h; sourceTree = "<group>"; };
		EA7905FA1EC364B0005A6F26 /* MetadataInjector.mm */ = {isa = PBXFileReference; fileEncoding = 4; lastKnownFileType = sourcecode.cpp.objcpp; path = MetadataInjector.mm; sourceTree = "<group>"; };
		EA96F76A1DF452B000BA8A21 /* iOSspatialMedia.app */ = {isa = PBXFileReference; explicitFileType = wrapper.application; includeInIndex = 0; path = iOSspatialMedia.app; sourceTree = BUILT_PRODUCTS_DIR; };
		EA96F76E1DF452B000BA8A21 /* main.m */ = {isa = PBXFileReference; lastKnownFileType = sourcecode.c.objc; path = main.m; sourceTree = "<group>"; };
		EA96F7701DF452B000BA8A21 /* AppDelegate.h */ = {isa = PBXFileReference; lastKnownFileType = sourcecode.c.h; path = AppDelegate.h; sourceTree = "<group>"; };
		EA96F7711DF452B000BA8A21 /* AppDelegate.m */ = {isa = PBXFileReference; lastKnownFileType = sourcecode.c.objc; path = AppDelegate.m; sourceTree = "<group>"; };
		EA96F7731DF452B000BA8A21 /* ViewController.h */ = {isa = PBXFileReference; lastKnownFileType = sourcecode.c.h; path = ViewController.h; sourceTree = "<group>"; };
		EA96F7741DF452B000BA8A21 /* ViewController.m */ = {isa = PBXFileReference; lastKnownFileType = sourcecode.c.objc; path = ViewController.m; sourceTree = "<group>"; };
		EA96F7771DF452B000BA8A21 /* Base */ = {isa = PBXFileReference; lastKnownFileType = file.storyboard; name = Base; path = Base.lproj/Main.storyboard; sourceTree = "<group>"; };
		EA96F7791DF452B000BA8A21 /* Assets.xcassets */ = {isa = PBXFileReference; lastKnownFileType = folder.assetcatalog; path = Assets.xcassets; sourceTree = "<group>"; };
		EA96F77C1DF452B000BA8A21 /* Base */ = {isa = PBXFileReference; lastKnownFileType = file.storyboard; name = Base; path = Base.lproj/LaunchScreen.storyboard; sourceTree = "<group>"; };
		EA96F77E1DF452B000BA8A21 /* Info.plist */ = {isa = PBXFileReference; lastKnownFileType = text.plist.xml; path = Info.plist; sourceTree = "<group>"; };
		EA96F7831DF452B000BA8A21 /* iOSspatialMediaTests.xctest */ = {isa = PBXFileReference; explicitFileType = wrapper.cfbundle; includeInIndex = 0; path = iOSspatialMediaTests.xctest; sourceTree = BUILT_PRODUCTS_DIR; };
		EA96F7871DF452B000BA8A21 /* iOSspatialMediaTests.m */ = {isa = PBXFileReference; lastKnownFileType = sourcecode.c.objc; path = iOSspatialMediaTests.m; sourceTree = "<group>"; };
		EA96F7891DF452B000BA8A21 /* Info.plist */ = {isa = PBXFileReference; lastKnownFileType = text.plist.xml; path = Info.plist; sourceTree = "<group>"; };
		EA96F78E1DF452B000BA8A21 /* iOSspatialMediaUITests.xctest */ = {isa = PBXFileReference; explicitFileType = wrapper.cfbundle; includeInIndex = 0; path = iOSspatialMediaUITests.xctest; sourceTree = BUILT_PRODUCTS_DIR; };
		EA96F7921DF452B000BA8A21 /* iOSspatialMediaUITests.m */ = {isa = PBXFileReference; lastKnownFileType = sourcecode.c.objc; path = iOSspatialMediaUITests.m; sourceTree = "<group>"; };
		EA96F7941DF452B000BA8A21 /* Info.plist */ = {isa = PBXFileReference; lastKnownFileType = text.plist.xml; path = Info.plist; sourceTree = "<group>"; };
		EAA96BCC1EC9D5FF00D6883E /* LICENSE */ = {isa = PBXFileReference; fileEncoding = 4; lastKnownFileType = text; path = LICENSE; sourceTree = "<group>"; };
		EAA96BCD1EC9D5FF00D6883E /* metadata_utils.cpp */ = {isa = PBXFileReference; fileEncoding = 4; lastKnownFileType = sourcecode.cpp.cpp; path = metadata_utils.cpp; sourceTree = "<group>"; };
		EAA96BCE1EC9D5FF00D6883E /* metadata_utils.h */ = {isa = PBXFileReference; fileEncoding = 4; lastKnownFileType = sourcecode.c.h; path = metadata_utils.h; sourceTree = "<group>"; };
		EAA96BD01EC9D5FF00D6883E /* box.cpp */ = {isa = PBXFileReference; fileEncoding = 4; lastKnownFileType = sourcecode.cpp.cpp; path = box.cpp; sourceTree = "<group>"; };
		EAA96BD11EC9D5FF00D6883E /* box.h */ = {isa = PBXFileReference; fileEncoding = 4; lastKnownFileType = sourcecode.c.h; path = box.h; sourceTree = "<group>"; };
		EAA96BD21EC9D5FF00D6883E /* constants.h */ = {isa = PBXFileReference; fileEncoding = 4; lastKnownFileType = sourcecode.c.h; path = constants.h; sourceTree = "<group>"; };
		EAA96BD31EC9D5FF00D6883E /* container.cpp */ = {isa = PBXFileReference; fileEncoding = 4; lastKnownFileType = sourcecode.cpp.cpp; path = container.cpp; sourceTree = "<group>"; };
		EAA96BD41EC9D5FF00D6883E /* container.h */ = {isa = PBXFileReference; fileEncoding = 4; lastKnownFileType = sourcecode.c.h; path = container.h; sourceTree = "<group>"; };
		EAA96BD51EC9D5FF00D6883E /* mpeg4_container.cpp */ = {isa = PBXFileReference; fileEncoding = 4; lastKnownFileType = sourcecode.cpp.cpp; path = mpeg4_container.cpp; sourceTree = "<group>"; };
		EAA96BD61EC9D5FF00D6883E /* mpeg4_container.h */ = {isa = PBXFileReference; fileEncoding = 4; lastKnownFileType = sourcecode.c.h; path = mpeg4_container.h; sourceTree = "<group>"; };
		EAA96BD71EC9D5FF00D6883E /* sa3d.cpp */ = {isa = PBXFileReference; fileEncoding = 4; lastKnownFileType = sourcecode.cpp.cpp; path = sa3d.cpp; sourceTree = "<group>"; };
		EAA96BD81EC9D5FF00D6883E /* sa3d.h */ = {isa = PBXFileReference; fileEncoding = 4; lastKnownFileType = sourcecode.c.h; path = sa3d.h; sourceTree = "<group>"; };
		EAA96BDA1EC9D5FF00D6883E /* config.h */ = {isa = PBXFileReference; fileEncoding = 4; lastKnownFileType = sourcecode.c.h; path = config.h; sourceTree = "<group>"; };
		EAA96BDB1EC9D5FF00D6883E /* mxml-attr.c */ = {isa = PBXFileReference; fileEncoding = 4; lastKnownFileType = sourcecode.c.c; path = "mxml-attr.c"; sourceTree = "<group>"; };
		EAA96BDC1EC9D5FF00D6883E /* mxml-entity.c */ = {isa = PBXFileReference; fileEncoding = 4; lastKnownFileType = sourcecode.c.c; path = "mxml-entity.c"; sourceTree = "<group>"; };
		EAA96BDD1EC9D5FF00D6883E /* mxml-file.c */ = {isa = PBXFileReference; fileEncoding = 4; lastKnownFileType = sourcecode.c.c; path = "mxml-file.c"; sourceTree = "<group>"; };
		EAA96BDE1EC9D5FF00D6883E /* mxml-get.c */ = {isa = PBXFileReference; fileEncoding = 4; lastKnownFileType = sourcecode.c.c; path = "mxml-get.c"; sourceTree = "<group>"; };
		EAA96BDF1EC9D5FF00D6883E /* mxml-index.c */ = {isa = PBXFileReference; fileEncoding = 4; lastKnownFileType = sourcecode.c.c; path = "mxml-index.c"; sourceTree = "<group>"; };
		EAA96BE01EC9D5FF00D6883E /* mxml-node.c */ = {isa = PBXFileReference; fileEncoding = 4; lastKnownFileType = sourcecode.c.c; path = "mxml-node.c"; sourceTree = "<group>"; };
		EAA96BE11EC9D5FF00D6883E /* mxml-private.c */ = {isa = PBXFileReference; fileEncoding = 4; lastKnownFileType = sourcecode.c.c; path = "mxml-private.c"; sourceTree = "<group>"; };
		EAA96BE21EC9D5FF00D6883E /* mxml-private.h */ = {isa = PBXFileReference; fileEncoding = 4; lastKnownFileType = sourcecode.c.h; path = "mxml-private.h"; sourceTree = "<group>"; };
		EAA96BE31EC9D5FF00D6883E /* mxml-search.c */ = {isa = PBXFileReference; fileEncoding = 4; lastKnownFileType = sourcecode.c.c; path = "mxml-search.c"; sourceTree = "<group>"; };
		EAA96BE41EC9D5FF00D6883E /* mxml-set.c */ = {isa = PBXFileReference; fileEncoding = 4; lastKnownFileType = sourcecode.c.c; path = "mxml-set.c"; sourceTree = "<group>"; };
		EAA96BE51EC9D5FF00D6883E /* mxml-string.c */ = {isa = PBXFileReference; fileEncoding = 4; lastKnownFileType = sourcecode.c.c; path = "mxml-string.c"; sourceTree = "<group>"; };
		EAA96BE61EC9D5FF00D6883E /* mxml.h */ = {isa = PBXFileReference; fileEncoding = 4; lastKnownFileType = sourcecode.c.h; path = mxml.h; sourceTree = "<group>"; };
		EAA96BE71EC9D5FF00D6883E /* parser.cpp */ = {isa = PBXFileReference; fileEncoding = 4; lastKnownFileType = sourcecode.cpp.cpp; path = parser.cpp; sourceTree = "<group>"; };
		EAA96BE81EC9D5FF00D6883E /* parser.h */ = {isa = PBXFileReference; fileEncoding = 4; lastKnownFileType = sourcecode.c.h; path = parser.h; sourceTree = "<group>"; };
		EAA96BE91EC9D5FF00D6883E /* portable_endian.h */ = {isa = PBXFileReference; fileEncoding = 4; lastKnownFileType = sourcecode.c.h; path = portable_endian.h; sourceTree = "<group>"; };
		EAA96BEA1EC9D5FF00D6883E /* README.md */ = {isa = PBXFileReference; fileEncoding = 4; lastKnownFileType = net.daringfireball.markdown; path = README.md; sourceTree = "<group>"; };
/* End PBXFileReference section */

/* Begin PBXFrameworksBuildPhase section */
		EA96F7671DF452B000BA8A21 /* Frameworks */ = {
			isa = PBXFrameworksBuildPhase;
			buildActionMask = 2147483647;
			files = (
			);
			runOnlyForDeploymentPostprocessing = 0;
		};
		EA96F7801DF452B000BA8A21 /* Frameworks */ = {
			isa = PBXFrameworksBuildPhase;
			buildActionMask = 2147483647;
			files = (
			);
			runOnlyForDeploymentPostprocessing = 0;
		};
		EA96F78B1DF452B000BA8A21 /* Frameworks */ = {
			isa = PBXFrameworksBuildPhase;
			buildActionMask = 2147483647;
			files = (
			);
			runOnlyForDeploymentPostprocessing = 0;
		};
/* End PBXFrameworksBuildPhase section */

/* Begin PBXGroup section */
		EA96F7611DF452B000BA8A21 = {
			isa = PBXGroup;
			children = (
				EAA96BCB1EC9D5FF00D6883E /* spatialmedia */,
				EA96F76C1DF452B000BA8A21 /* iOSspatialMedia */,
				EA96F7861DF452B000BA8A21 /* iOSspatialMediaTests */,
				EA96F7911DF452B000BA8A21 /* iOSspatialMediaUITests */,
				EA96F76B1DF452B000BA8A21 /* Products */,
			);
			sourceTree = "<group>";
		};
		EA96F76B1DF452B000BA8A21 /* Products */ = {
			isa = PBXGroup;
			children = (
				EA96F76A1DF452B000BA8A21 /* iOSspatialMedia.app */,
				EA96F7831DF452B000BA8A21 /* iOSspatialMediaTests.xctest */,
				EA96F78E1DF452B000BA8A21 /* iOSspatialMediaUITests.xctest */,
			);
			name = Products;
			sourceTree = "<group>";
		};
		EA96F76C1DF452B000BA8A21 /* iOSspatialMedia */ = {
			isa = PBXGroup;
			children = (
				EA390C1A1DFDB01700074A22 /* sample.mp4 */,
				EA96F7701DF452B000BA8A21 /* AppDelegate.h */,
				EA96F7711DF452B000BA8A21 /* AppDelegate.m */,
				EA96F7731DF452B000BA8A21 /* ViewController.h */,
				EA96F7741DF452B000BA8A21 /* ViewController.m */,
				EA7905F91EC364B0005A6F26 /* MetadataInjector.h */,
				EA7905FA1EC364B0005A6F26 /* MetadataInjector.mm */,
				EA96F7761DF452B000BA8A21 /* Main.storyboard */,
				EA96F7791DF452B000BA8A21 /* Assets.xcassets */,
				EA96F77B1DF452B000BA8A21 /* LaunchScreen.storyboard */,
				EA96F77E1DF452B000BA8A21 /* Info.plist */,
				EA96F76D1DF452B000BA8A21 /* Supporting Files */,
			);
			path = iOSspatialMedia;
			sourceTree = "<group>";
		};
		EA96F76D1DF452B000BA8A21 /* Supporting Files */ = {
			isa = PBXGroup;
			children = (
				EA96F76E1DF452B000BA8A21 /* main.m */,
			);
			name = "Supporting Files";
			sourceTree = "<group>";
		};
		EA96F7861DF452B000BA8A21 /* iOSspatialMediaTests */ = {
			isa = PBXGroup;
			children = (
				EA96F7871DF452B000BA8A21 /* iOSspatialMediaTests.m */,
				EA96F7891DF452B000BA8A21 /* Info.plist */,
			);
			path = iOSspatialMediaTests;
			sourceTree = "<group>";
		};
		EA96F7911DF452B000BA8A21 /* iOSspatialMediaUITests */ = {
			isa = PBXGroup;
			children = (
				EA96F7921DF452B000BA8A21 /* iOSspatialMediaUITests.m */,
				EA96F7941DF452B000BA8A21 /* Info.plist */,
			);
			path = iOSspatialMediaUITests;
			sourceTree = "<group>";
		};
		EAA96BCB1EC9D5FF00D6883E /* spatialmedia */ = {
			isa = PBXGroup;
			children = (
				EAA96BCC1EC9D5FF00D6883E /* LICENSE */,
				EAA96BCD1EC9D5FF00D6883E /* metadata_utils.cpp */,
				EAA96BCE1EC9D5FF00D6883E /* metadata_utils.h */,
				EAA96BCF1EC9D5FF00D6883E /* mpeg */,
				EAA96BD91EC9D5FF00D6883E /* mxml-2.10 */,
				EAA96BE71EC9D5FF00D6883E /* parser.cpp */,
				EAA96BE81EC9D5FF00D6883E /* parser.h */,
				EAA96BE91EC9D5FF00D6883E /* portable_endian.h */,
				EAA96BEA1EC9D5FF00D6883E /* README.md */,
			);
			path = spatialmedia;
			sourceTree = "<group>";
		};
		EAA96BCF1EC9D5FF00D6883E /* mpeg */ = {
			isa = PBXGroup;
			children = (
				EAA96BD01EC9D5FF00D6883E /* box.cpp */,
				EAA96BD11EC9D5FF00D6883E /* box.h */,
				EAA96BD21EC9D5FF00D6883E /* constants.h */,
				EAA96BD31EC9D5FF00D6883E /* container.cpp */,
				EAA96BD41EC9D5FF00D6883E /* container.h */,
				EAA96BD51EC9D5FF00D6883E /* mpeg4_container.cpp */,
				EAA96BD61EC9D5FF00D6883E /* mpeg4_container.h */,
				EAA96BD71EC9D5FF00D6883E /* sa3d.cpp */,
				EAA96BD81EC9D5FF00D6883E /* sa3d.h */,
			);
			path = mpeg;
			sourceTree = "<group>";
		};
		EAA96BD91EC9D5FF00D6883E /* mxml-2.10 */ = {
			isa = PBXGroup;
			children = (
				EAA96BDA1EC9D5FF00D6883E /* config.h */,
				EAA96BDB1EC9D5FF00D6883E /* mxml-attr.c */,
				EAA96BDC1EC9D5FF00D6883E /* mxml-entity.c */,
				EAA96BDD1EC9D5FF00D6883E /* mxml-file.c */,
				EAA96BDE1EC9D5FF00D6883E /* mxml-get.c */,
				EAA96BDF1EC9D5FF00D6883E /* mxml-index.c */,
				EAA96BE01EC9D5FF00D6883E /* mxml-node.c */,
				EAA96BE11EC9D5FF00D6883E /* mxml-private.c */,
				EAA96BE21EC9D5FF00D6883E /* mxml-private.h */,
				EAA96BE31EC9D5FF00D6883E /* mxml-search.c */,
				EAA96BE41EC9D5FF00D6883E /* mxml-set.c */,
				EAA96BE51EC9D5FF00D6883E /* mxml-string.c */,
				EAA96BE61EC9D5FF00D6883E /* mxml.h */,
			);
			path = "mxml-2.10";
			sourceTree = "<group>";
		};
/* End PBXGroup section */

/* Begin PBXNativeTarget section */
		EA96F7691DF452B000BA8A21 /* iOSspatialMedia */ = {
			isa = PBXNativeTarget;
			buildConfigurationList = EA96F7971DF452B000BA8A21 /* Build configuration list for PBXNativeTarget "iOSspatialMedia" */;
			buildPhases = (
				EA96F7661DF452B000BA8A21 /* Sources */,
				EA96F7671DF452B000BA8A21 /* Frameworks */,
				EA96F7681DF452B000BA8A21 /* Resources */,
				EA390C221DFDBF8600074A22 /* Embed Frameworks */,
			);
			buildRules = (
			);
			dependencies = (
			);
			name = iOSspatialMedia;
			productName = iOSspatialMedia;
			productReference = EA96F76A1DF452B000BA8A21 /* iOSspatialMedia.app */;
			productType = "com.apple.product-type.application";
		};
		EA96F7821DF452B000BA8A21 /* iOSspatialMediaTests */ = {
			isa = PBXNativeTarget;
			buildConfigurationList = EA96F79A1DF452B000BA8A21 /* Build configuration list for PBXNativeTarget "iOSspatialMediaTests" */;
			buildPhases = (
				EA96F77F1DF452B000BA8A21 /* Sources */,
				EA96F7801DF452B000BA8A21 /* Frameworks */,
				EA96F7811DF452B000BA8A21 /* Resources */,
			);
			buildRules = (
			);
			dependencies = (
				EA96F7851DF452B000BA8A21 /* PBXTargetDependency */,
			);
			name = iOSspatialMediaTests;
			productName = iOSspatialMediaTests;
			productReference = EA96F7831DF452B000BA8A21 /* iOSspatialMediaTests.xctest */;
			productType = "com.apple.product-type.bundle.unit-test";
		};
		EA96F78D1DF452B000BA8A21 /* iOSspatialMediaUITests */ = {
			isa = PBXNativeTarget;
			buildConfigurationList = EA96F79D1DF452B000BA8A21 /* Build configuration list for PBXNativeTarget "iOSspatialMediaUITests" */;
			buildPhases = (
				EA96F78A1DF452B000BA8A21 /* Sources */,
				EA96F78B1DF452B000BA8A21 /* Frameworks */,
				EA96F78C1DF452B000BA8A21 /* Resources */,
			);
			buildRules = (
			);
			dependencies = (
				EA96F7901DF452B000BA8A21 /* PBXTargetDependency */,
			);
			name = iOSspatialMediaUITests;
			productName = iOSspatialMediaUITests;
			productReference = EA96F78E1DF452B000BA8A21 /* iOSspatialMediaUITests.xctest */;
			productType = "com.apple.product-type.bundle.ui-testing";
		};
/* End PBXNativeTarget section */

/* Begin PBXProject section */
		EA96F7621DF452B000BA8A21 /* Project object */ = {
			isa = PBXProject;
			attributes = {
				LastUpgradeCheck = 0810;
				ORGANIZATIONNAME = "Tom Tong";
				TargetAttributes = {
					EA96F7691DF452B000BA8A21 = {
						CreatedOnToolsVersion = 8.1;
						DevelopmentTeam = 6Y5LP6LEY2;
						ProvisioningStyle = Automatic;
					};
					EA96F7821DF452B000BA8A21 = {
						CreatedOnToolsVersion = 8.1;
						DevelopmentTeam = 6Y5LP6LEY2;
						ProvisioningStyle = Automatic;
						TestTargetID = EA96F7691DF452B000BA8A21;
					};
					EA96F78D1DF452B000BA8A21 = {
						CreatedOnToolsVersion = 8.1;
						DevelopmentTeam = 6Y5LP6LEY2;
						ProvisioningStyle = Automatic;
						TestTargetID = EA96F7691DF452B000BA8A21;
					};
				};
			};
			buildConfigurationList = EA96F7651DF452B000BA8A21 /* Build configuration list for PBXProject "iOSspatialMedia" */;
			compatibilityVersion = "Xcode 3.2";
			developmentRegion = English;
			hasScannedForEncodings = 0;
			knownRegions = (
				en,
				Base,
			);
			mainGroup = EA96F7611DF452B000BA8A21;
			productRefGroup = EA96F76B1DF452B000BA8A21 /* Products */;
			projectDirPath = "";
			projectRoot = "";
			targets = (
				EA96F7691DF452B000BA8A21 /* iOSspatialMedia */,
				EA96F7821DF452B000BA8A21 /* iOSspatialMediaTests */,
				EA96F78D1DF452B000BA8A21 /* iOSspatialMediaUITests */,
			);
		};
/* End PBXProject section */

/* Begin PBXResourcesBuildPhase section */
		EA96F7681DF452B000BA8A21 /* Resources */ = {
			isa = PBXResourcesBuildPhase;
			buildActionMask = 2147483647;
			files = (
				EA96F77D1DF452B000BA8A21 /* LaunchScreen.storyboard in Resources */,
				EA96F77A1DF452B000BA8A21 /* Assets.xcassets in Resources */,
				EA96F7781DF452B000BA8A21 /* Main.storyboard in Resources */,
				EA390C1C1DFDBA8200074A22 /* sample.mp4 in Resources */,
				EAA96BEB1EC9D5FF00D6883E /* LICENSE in Resources */,
			);
			runOnlyForDeploymentPostprocessing = 0;
		};
		EA96F7811DF452B000BA8A21 /* Resources */ = {
			isa = PBXResourcesBuildPhase;
			buildActionMask = 2147483647;
			files = (
			);
			runOnlyForDeploymentPostprocessing = 0;
		};
		EA96F78C1DF452B000BA8A21 /* Resources */ = {
			isa = PBXResourcesBuildPhase;
			buildActionMask = 2147483647;
			files = (
			);
			runOnlyForDeploymentPostprocessing = 0;
		};
/* End PBXResourcesBuildPhase section */

/* Begin PBXSourcesBuildPhase section */
		EA96F7661DF452B000BA8A21 /* Sources */ = {
			isa = PBXSourcesBuildPhase;
			buildActionMask = 2147483647;
			files = (
				EAA96BFB1EC9D5FF00D6883E /* parser.cpp in Sources */,
				EAA96BF11EC9D5FF00D6883E /* mxml-attr.c in Sources */,
				EAA96BEC1EC9D5FF00D6883E /* metadata_utils.cpp in Sources */,
				EAA96BFC1EC9D5FF00D6883E /* README.md in Sources */,
				EA96F7751DF452B000BA8A21 /* ViewController.m in Sources */,
				EAA96BF01EC9D5FF00D6883E /* sa3d.cpp in Sources */,
				EAA96BFA1EC9D5FF00D6883E /* mxml-string.c in Sources */,
				EAA96BF91EC9D5FF00D6883E /* mxml-set.c in Sources */,
				EAA96BF61EC9D5FF00D6883E /* mxml-node.c in Sources */,
				EAA96BF71EC9D5FF00D6883E /* mxml-private.c in Sources */,
				EAA96BF51EC9D5FF00D6883E /* mxml-index.c in Sources */,
				EA96F7721DF452B000BA8A21 /* AppDelegate.m in Sources */,
				EAA96BEF1EC9D5FF00D6883E /* mpeg4_container.cpp in Sources */,
				EAA96BF21EC9D5FF00D6883E /* mxml-entity.c in Sources */,
				EAA96BF31EC9D5FF00D6883E /* mxml-file.c in Sources */,
				EAA96BF41EC9D5FF00D6883E /* mxml-get.c in Sources */,
				EAA96BF81EC9D5FF00D6883E /* mxml-search.c in Sources */,
				EAA96BED1EC9D5FF00D6883E /* box.cpp in Sources */,
				EA7905FB1EC364B0005A6F26 /* MetadataInjector.mm in Sources */,
				EAA96BEE1EC9D5FF00D6883E /* container.cpp in Sources */,
				EA96F76F1DF452B000BA8A21 /* main.m in Sources */,
			);
			runOnlyForDeploymentPostprocessing = 0;
		};
		EA96F77F1DF452B000BA8A21 /* Sources */ = {
			isa = PBXSourcesBuildPhase;
			buildActionMask = 2147483647;
			files = (
				EA96F7881DF452B000BA8A21 /* iOSspatialMediaTests.m in Sources */,
			);
			runOnlyForDeploymentPostprocessing = 0;
		};
		EA96F78A1DF452B000BA8A21 /* Sources */ = {
			isa = PBXSourcesBuildPhase;
			buildActionMask = 2147483647;
			files = (
				EA96F7931DF452B000BA8A21 /* iOSspatialMediaUITests.m in Sources */,
			);
			runOnlyForDeploymentPostprocessing = 0;
		};
/* End PBXSourcesBuildPhase section */

/* Begin PBXTargetDependency section */
		EA96F7851DF452B000BA8A21 /* PBXTargetDependency */ = {
			isa = PBXTargetDependency;
			target = EA96F7691DF452B000BA8A21 /* iOSspatialMedia */;
			targetProxy = EA96F7841DF452B000BA8A21 /* PBXContainerItemProxy */;
		};
		EA96F7901DF452B000BA8A21 /* PBXTargetDependency */ = {
			isa = PBXTargetDependency;
			target = EA96F7691DF452B000BA8A21 /* iOSspatialMedia */;
			targetProxy = EA96F78F1DF452B000BA8A21 /* PBXContainerItemProxy */;
		};
/* End PBXTargetDependency section */

/* Begin PBXVariantGroup section */
		EA96F7761DF452B000BA8A21 /* Main.storyboard */ = {
			isa = PBXVariantGroup;
			children = (
				EA96F7771DF452B000BA8A21 /* Base */,
			);
			name = Main.storyboard;
			sourceTree = "<group>";
		};
		EA96F77B1DF452B000BA8A21 /* LaunchScreen.storyboard */ = {
			isa = PBXVariantGroup;
			children = (
				EA96F77C1DF452B000BA8A21 /* Base */,
			);
			name = LaunchScreen.storyboard;
			sourceTree = "<group>";
		};
/* End PBXVariantGroup section */

/* Begin XCBuildConfiguration section */
		EA96F7951DF452B000BA8A21 /* Debug */ = {
			isa = XCBuildConfiguration;
			buildSettings = {
				ALWAYS_SEARCH_USER_PATHS = NO;
				CLANG_ANALYZER_NONNULL = YES;
				CLANG_CXX_LANGUAGE_STANDARD = "gnu++0x";
				CLANG_CXX_LIBRARY = "libc++";
				CLANG_ENABLE_MODULES = YES;
				CLANG_ENABLE_OBJC_ARC = YES;
				CLANG_WARN_BOOL_CONVERSION = YES;
				CLANG_WARN_CONSTANT_CONVERSION = YES;
				CLANG_WARN_DIRECT_OBJC_ISA_USAGE = YES_ERROR;
				CLANG_WARN_DOCUMENTATION_COMMENTS = YES;
				CLANG_WARN_EMPTY_BODY = YES;
				CLANG_WARN_ENUM_CONVERSION = YES;
				CLANG_WARN_INFINITE_RECURSION = YES;
				CLANG_WARN_INT_CONVERSION = YES;
				CLANG_WARN_OBJC_ROOT_CLASS = YES_ERROR;
				CLANG_WARN_SUSPICIOUS_MOVES = YES;
				CLANG_WARN_UNREACHABLE_CODE = YES;
				CLANG_WARN__DUPLICATE_METHOD_MATCH = YES;
				"CODE_SIGN_IDENTITY[sdk=iphoneos*]" = "iPhone Developer";
				COPY_PHASE_STRIP = NO;
				DEBUG_INFORMATION_FORMAT = dwarf;
				ENABLE_BITCODE = NO;
				ENABLE_STRICT_OBJC_MSGSEND = YES;
				ENABLE_TESTABILITY = YES;
				GCC_C_LANGUAGE_STANDARD = gnu99;
				GCC_DYNAMIC_NO_PIC = NO;
				GCC_NO_COMMON_BLOCKS = YES;
				GCC_OPTIMIZATION_LEVEL = 0;
				GCC_PREPROCESSOR_DEFINITIONS = (
					"DEBUG=1",
					"$(inherited)",
				);
				GCC_WARN_64_TO_32_BIT_CONVERSION = YES;
				GCC_WARN_ABOUT_RETURN_TYPE = YES_ERROR;
				GCC_WARN_UNDECLARED_SELECTOR = YES;
				GCC_WARN_UNINITIALIZED_AUTOS = YES_AGGRESSIVE;
				GCC_WARN_UNUSED_FUNCTION = YES;
				GCC_WARN_UNUSED_VARIABLE = YES;
				IPHONEOS_DEPLOYMENT_TARGET = 10.1;
				MTL_ENABLE_DEBUG_INFO = YES;
				ONLY_ACTIVE_ARCH = YES;
				SDKROOT = iphoneos;
			};
			name = Debug;
		};
		EA96F7961DF452B000BA8A21 /* Release */ = {
			isa = XCBuildConfiguration;
			buildSettings = {
				ALWAYS_SEARCH_USER_PATHS = NO;
				CLANG_ANALYZER_NONNULL = YES;
				CLANG_CXX_LANGUAGE_STANDARD = "gnu++0x";
				CLANG_CXX_LIBRARY = "libc++";
				CLANG_ENABLE_MODULES = YES;
				CLANG_ENABLE_OBJC_ARC = YES;
				CLANG_WARN_BOOL_CONVERSION = YES;
				CLANG_WARN_CONSTANT_CONVERSION = YES;
				CLANG_WARN_DIRECT_OBJC_ISA_USAGE = YES_ERROR;
				CLANG_WARN_DOCUMENTATION_COMMENTS = YES;
				CLANG_WARN_EMPTY_BODY = YES;
				CLANG_WARN_ENUM_CONVERSION = YES;
				CLANG_WARN_INFINITE_RECURSION = YES;
				CLANG_WARN_INT_CONVERSION = YES;
				CLANG_WARN_OBJC_ROOT_CLASS = YES_ERROR;
				CLANG_WARN_SUSPICIOUS_MOVES = YES;
				CLANG_WARN_UNREACHABLE_CODE = YES;
				CLANG_WARN__DUPLICATE_METHOD_MATCH = YES;
				"CODE_SIGN_IDENTITY[sdk=iphoneos*]" = "iPhone Developer";
				COPY_PHASE_STRIP = NO;
				DEBUG_INFORMATION_FORMAT = "dwarf-with-dsym";
				ENABLE_BITCODE = NO;
				ENABLE_NS_ASSERTIONS = NO;
				ENABLE_STRICT_OBJC_MSGSEND = YES;
				GCC_C_LANGUAGE_STANDARD = gnu99;
				GCC_NO_COMMON_BLOCKS = YES;
				GCC_WARN_64_TO_32_BIT_CONVERSION = YES;
				GCC_WARN_ABOUT_RETURN_TYPE = YES_ERROR;
				GCC_WARN_UNDECLARED_SELECTOR = YES;
				GCC_WARN_UNINITIALIZED_AUTOS = YES_AGGRESSIVE;
				GCC_WARN_UNUSED_FUNCTION = YES;
				GCC_WARN_UNUSED_VARIABLE = YES;
				IPHONEOS_DEPLOYMENT_TARGET = 10.1;
				MTL_ENABLE_DEBUG_INFO = NO;
				SDKROOT = iphoneos;
				VALIDATE_PRODUCT = YES;
			};
			name = Release;
		};
		EA96F7981DF452B000BA8A21 /* Debug */ = {
			isa = XCBuildConfiguration;
			buildSettings = {
				ASSETCATALOG_COMPILER_APPICON_NAME = AppIcon;
				DEVELOPMENT_TEAM = 6Y5LP6LEY2;
				ENABLE_BITCODE = NO;
				FRAMEWORK_SEARCH_PATHS = (
					"$(inherited)",
					"$(PROJECT_DIR)/iOSspatialMedia",
				);
				INFOPLIST_FILE = iOSspatialMedia/Info.plist;
				LD_RUNPATH_SEARCH_PATHS = "$(inherited) @executable_path/Frameworks";
				PRODUCT_BUNDLE_IDENTIFIER = com.holumino.spatialMedia.iOSspatialMedia;
				PRODUCT_NAME = "$(TARGET_NAME)";
			};
			name = Debug;
		};
		EA96F7991DF452B000BA8A21 /* Release */ = {
			isa = XCBuildConfiguration;
			buildSettings = {
				ASSETCATALOG_COMPILER_APPICON_NAME = AppIcon;
				DEVELOPMENT_TEAM = 6Y5LP6LEY2;
				ENABLE_BITCODE = NO;
				FRAMEWORK_SEARCH_PATHS = (
					"$(inherited)",
					"$(PROJECT_DIR)/iOSspatialMedia",
				);
				INFOPLIST_FILE = iOSspatialMedia/Info.plist;
				LD_RUNPATH_SEARCH_PATHS = "$(inherited) @executable_path/Frameworks";
				PRODUCT_BUNDLE_IDENTIFIER = com.holumino.spatialMedia.iOSspatialMedia;
				PRODUCT_NAME = "$(TARGET_NAME)";
			};
			name = Release;
		};
		EA96F79B1DF452B000BA8A21 /* Debug */ = {
			isa = XCBuildConfiguration;
			buildSettings = {
				BUNDLE_LOADER = "$(TEST_HOST)";
				DEVELOPMENT_TEAM = 6Y5LP6LEY2;
				INFOPLIST_FILE = iOSspatialMediaTests/Info.plist;
				LD_RUNPATH_SEARCH_PATHS = "$(inherited) @executable_path/Frameworks @loader_path/Frameworks";
				PRODUCT_BUNDLE_IDENTIFIER = com.holumino.spatialMedia.iOSspatialMediaTests;
				PRODUCT_NAME = "$(TARGET_NAME)";
				TEST_HOST = "$(BUILT_PRODUCTS_DIR)/iOSspatialMedia.app/iOSspatialMedia";
			};
			name = Debug;
		};
		EA96F79C1DF452B000BA8A21 /* Release */ = {
			isa = XCBuildConfiguration;
			buildSettings = {
				BUNDLE_LOADER = "$(TEST_HOST)";
				DEVELOPMENT_TEAM = 6Y5LP6LEY2;
				INFOPLIST_FILE = iOSspatialMediaTests/Info.plist;
				LD_RUNPATH_SEARCH_PATHS = "$(inherited) @executable_path/Frameworks @loader_path/Frameworks";
				PRODUCT_BUNDLE_IDENTIFIER = com.holumino.spatialMedia.iOSspatialMediaTests;
				PRODUCT_NAME = "$(TARGET_NAME)";
				TEST_HOST = "$(BUILT_PRODUCTS_DIR)/iOSspatialMedia.app/iOSspatialMedia";
			};
			name = Release;
		};
		EA96F79E1DF452B000BA8A21 /* Debug */ = {
			isa = XCBuildConfiguration;
			buildSettings = {
				DEVELOPMENT_TEAM = 6Y5LP6LEY2;
				INFOPLIST_FILE = iOSspatialMediaUITests/Info.plist;
				LD_RUNPATH_SEARCH_PATHS = "$(inherited) @executable_path/Frameworks @loader_path/Frameworks";
				PRODUCT_BUNDLE_IDENTIFIER = com.holumino.spatialMedia.iOSspatialMediaUITests;
				PRODUCT_NAME = "$(TARGET_NAME)";
				TEST_TARGET_NAME = iOSspatialMedia;
			};
			name = Debug;
		};
		EA96F79F1DF452B000BA8A21 /* Release */ = {
			isa = XCBuildConfiguration;
			buildSettings = {
				DEVELOPMENT_TEAM = 6Y5LP6LEY2;
				INFOPLIST_FILE = iOSspatialMediaUITests/Info.plist;
				LD_RUNPATH_SEARCH_PATHS = "$(inherited) @executable_path/Frameworks @loader_path/Frameworks";
				PRODUCT_BUNDLE_IDENTIFIER = com.holumino.spatialMedia.iOSspatialMediaUITests;
				PRODUCT_NAME = "$(TARGET_NAME)";
				TEST_TARGET_NAME = iOSspatialMedia;
			};
			name = Release;
		};
/* End XCBuildConfiguration section */

/* Begin XCConfigurationList section */
		EA96F7651DF452B000BA8A21 /* Build configuration list for PBXProject "iOSspatialMedia" */ = {
			isa = XCConfigurationList;
			buildConfigurations = (
				EA96F7951DF452B000BA8A21 /* Debug */,
				EA96F7961DF452B000BA8A21 /* Release */,
			);
			defaultConfigurationIsVisible = 0;
			defaultConfigurationName = Release;
		};
		EA96F7971DF452B000BA8A21 /* Build configuration list for PBXNativeTarget "iOSspatialMedia" */ = {
			isa = XCConfigurationList;
			buildConfigurations = (
				EA96F7981DF452B000BA8A21 /* Debug */,
				EA96F7991DF452B000BA8A21 /* Release */,
			);
			defaultConfigurationIsVisible = 0;
			defaultConfigurationName = Release;
		};
		EA96F79A1DF452B000BA8A21 /* Build configuration list for PBXNativeTarget "iOSspatialMediaTests" */ = {
			isa = XCConfigurationList;
			buildConfigurations = (
				EA96F79B1DF452B000BA8A21 /* Debug */,
				EA96F79C1DF452B000BA8A21 /* Release */,
			);
			defaultConfigurationIsVisible = 0;
			defaultConfigurationName = Release;
		};
		EA96F79D1DF452B000BA8A21 /* Build configuration list for PBXNativeTarget "iOSspatialMediaUITests" */ = {
			isa = XCConfigurationList;
			buildConfigurations = (
				EA96F79E1DF452B000BA8A21 /* Debug */,
				EA96F79F1DF452B000BA8A21 /* Release */,
			);
			defaultConfigurationIsVisible = 0;
			defaultConfigurationName = Release;
		};
/* End XCConfigurationList section */
	};
	rootObject = EA96F7621DF452B000BA8A21 /* Project object */;
}
